
Microsoft Visual Studio Solution File, Format Version 12.00
# Visual Studio Version 17
VisualStudioVersion = 17.8.34330.188
MinimumVisualStudioVersion = 10.0.40219.1
Project("{FAE04EC0-301F-11D3-BF4B-00C04F79EFBC}") = "個人專題Chefless_Food_ Decentralization", "個人專題Chefless_Food_ Decentralization\個人專題Chefless_Food_ Decentralization.csproj", "{FFB67BB5-6531-4BD4-ADA7-D92F35B7FA2C}"
EndProject
Global
	GlobalSection(SolutionConfigurationPlatforms) = preSolution
		Debug|Any CPU = Debug|Any CPU
		Release|Any CPU = Release|Any CPU
	EndGlobalSection
	GlobalSection(ProjectConfigurationPlatforms) = postSolution
		{FFB67BB5-6531-4BD4-ADA7-D92F35B7FA2C}.Debug|Any CPU.ActiveCfg = Debug|Any CPU
		{FFB67BB5-6531-4BD4-ADA7-D92F35B7FA2C}.Debug|Any CPU.Build.0 = Debug|Any CPU
		{FFB67BB5-6531-4BD4-ADA7-D92F35B7FA2C}.Release|Any CPU.ActiveCfg = Release|Any CPU
		{FFB67BB5-6531-4BD4-ADA7-D92F35B7FA2C}.Release|Any CPU.Build.0 = Release|Any CPU
	EndGlobalSection
	GlobalSection(SolutionProperties) = preSolution
		HideSolutionNode = FALSE
	EndGlobalSection
	GlobalSection(ExtensibilityGlobals) = postSolution
		SolutionGuid = {0592ACAE-A4D4-4C1F-AFCB-8E0EB400EC88}
	EndGlobalSection
EndGlobal
